
Microsoft Visual Studio Solution File, Format Version 12.00
# Visual Studio 15
VisualStudioVersion = 15.0.26124.0
MinimumVisualStudioVersion = 15.0.26124.0
Project("{2150E333-8FDC-42A3-9474-1A3956D46DE8}") = "src", "src", "{5408B4D0-666A-4500-8987-5C828F2DE81F}"
EndProject
Project("{FAE04EC0-301F-11D3-BF4B-00C04F79EFBC}") = "Web", "src\Web\Web.csproj", "{E0EA6673-182C-4083-BD9B-6B96CCB99AC7}"
EndProject
Project("{FAE04EC0-301F-11D3-BF4B-00C04F79EFBC}") = "Infrastructure", "src\Infrastructure\Infrastructure.csproj", "{479CCE25-689B-431C-802C-A8C74F522EE2}"
EndProject
Project("{FAE04EC0-301F-11D3-BF4B-00C04F79EFBC}") = "ApplicationCore", "src\ApplicationCore\ApplicationCore.csproj", "{5821E229-C2BF-44BC-AF07-C557A363B55B}"
EndProject
Project("{2150E333-8FDC-42A3-9474-1A3956D46DE8}") = "tests", "tests", "{2957B656-8058-47D2-BAA5-9EC7F39EA42B}"
EndProject
Project("{FAE04EC0-301F-11D3-BF4B-00C04F79EFBC}") = "UnitTests", "tests\UnitTests\UnitTests.csproj", "{403946CF-EF0E-4303-B21E-9FC3694477B6}"
EndProject
Global
	GlobalSection(SolutionConfigurationPlatforms) = preSolution
		Debug|Any CPU = Debug|Any CPU
		Debug|x64 = Debug|x64
		Debug|x86 = Debug|x86
		Release|Any CPU = Release|Any CPU
		Release|x64 = Release|x64
		Release|x86 = Release|x86
	EndGlobalSection
	GlobalSection(SolutionProperties) = preSolution
		HideSolutionNode = FALSE
	EndGlobalSection
	GlobalSection(ProjectConfigurationPlatforms) = postSolution
		{E0EA6673-182C-4083-BD9B-6B96CCB99AC7}.Debug|Any CPU.ActiveCfg = Debug|Any CPU
		{E0EA6673-182C-4083-BD9B-6B96CCB99AC7}.Debug|Any CPU.Build.0 = Debug|Any CPU
		{E0EA6673-182C-4083-BD9B-6B96CCB99AC7}.Debug|x64.ActiveCfg = Debug|Any CPU
		{E0EA6673-182C-4083-BD9B-6B96CCB99AC7}.Debug|x64.Build.0 = Debug|Any CPU
		{E0EA6673-182C-4083-BD9B-6B96CCB99AC7}.Debug|x86.ActiveCfg = Debug|Any CPU
		{E0EA6673-182C-4083-BD9B-6B96CCB99AC7}.Debug|x86.Build.0 = Debug|Any CPU
		{E0EA6673-182C-4083-BD9B-6B96CCB99AC7}.Release|Any CPU.ActiveCfg = Release|Any CPU
		{E0EA6673-182C-4083-BD9B-6B96CCB99AC7}.Release|Any CPU.Build.0 = Release|Any CPU
		{E0EA6673-182C-4083-BD9B-6B96CCB99AC7}.Release|x64.ActiveCfg = Release|Any CPU
		{E0EA6673-182C-4083-BD9B-6B96CCB99AC7}.Release|x64.Build.0 = Release|Any CPU
		{E0EA6673-182C-4083-BD9B-6B96CCB99AC7}.Release|x86.ActiveCfg = Release|Any CPU
		{E0EA6673-182C-4083-BD9B-6B96CCB99AC7}.Release|x86.Build.0 = Release|Any CPU
		{479CCE25-689B-431C-802C-A8C74F522EE2}.Debug|Any CPU.ActiveCfg = Debug|Any CPU
		{479CCE25-689B-431C-802C-A8C74F522EE2}.Debug|Any CPU.Build.0 = Debug|Any CPU
		{479CCE25-689B-431C-802C-A8C74F522EE2}.Debug|x64.ActiveCfg = Debug|Any CPU
		{479CCE25-689B-431C-802C-A8C74F522EE2}.Debug|x64.Build.0 = Debug|Any CPU
		{479CCE25-689B-431C-802C-A8C74F522EE2}.Debug|x86.ActiveCfg = Debug|Any CPU
		{479CCE25-689B-431C-802C-A8C74F522EE2}.Debug|x86.Build.0 = Debug|Any CPU
		{479CCE25-689B-431C-802C-A8C74F522EE2}.Release|Any CPU.ActiveCfg = Release|Any CPU
		{479CCE25-689B-431C-802C-A8C74F522EE2}.Release|Any CPU.Build.0 = Release|Any CPU
		{479CCE25-689B-431C-802C-A8C74F522EE2}.Release|x64.ActiveCfg = Release|Any CPU
		{479CCE25-689B-431C-802C-A8C74F522EE2}.Release|x64.Build.0 = Release|Any CPU
		{479CCE25-689B-431C-802C-A8C74F522EE2}.Release|x86.ActiveCfg = Release|Any CPU
		{479CCE25-689B-431C-802C-A8C74F522EE2}.Release|x86.Build.0 = Release|Any CPU
		{5821E229-C2BF-44BC-AF07-C557A363B55B}.Debug|Any CPU.ActiveCfg = Debug|Any CPU
		{5821E229-C2BF-44BC-AF07-C557A363B55B}.Debug|Any CPU.Build.0 = Debug|Any CPU
		{5821E229-C2BF-44BC-AF07-C557A363B55B}.Debug|x64.ActiveCfg = Debug|Any CPU
		{5821E229-C2BF-44BC-AF07-C557A363B55B}.Debug|x64.Build.0 = Debug|Any CPU
		{5821E229-C2BF-44BC-AF07-C557A363B55B}.Debug|x86.ActiveCfg = Debug|Any CPU
		{5821E229-C2BF-44BC-AF07-C557A363B55B}.Debug|x86.Build.0 = Debug|Any CPU
		{5821E229-C2BF-44BC-AF07-C557A363B55B}.Release|Any CPU.ActiveCfg = Release|Any CPU
		{5821E229-C2BF-44BC-AF07-C557A363B55B}.Release|Any CPU.Build.0 = Release|Any CPU
		{5821E229-C2BF-44BC-AF07-C557A363B55B}.Release|x64.ActiveCfg = Release|Any CPU
		{5821E229-C2BF-44BC-AF07-C557A363B55B}.Release|x64.Build.0 = Release|Any CPU
		{5821E229-C2BF-44BC-AF07-C557A363B55B}.Release|x86.ActiveCfg = Release|Any CPU
		{5821E229-C2BF-44BC-AF07-C557A363B55B}.Release|x86.Build.0 = Release|Any CPU
		{403946CF-EF0E-4303-B21E-9FC3694477B6}.Debug|Any CPU.ActiveCfg = Debug|Any CPU
		{403946CF-EF0E-4303-B21E-9FC3694477B6}.Debug|Any CPU.Build.0 = Debug|Any CPU
		{403946CF-EF0E-4303-B21E-9FC3694477B6}.Debug|x64.ActiveCfg = Debug|Any CPU
		{403946CF-EF0E-4303-B21E-9FC3694477B6}.Debug|x64.Build.0 = Debug|Any CPU
		{403946CF-EF0E-4303-B21E-9FC3694477B6}.Debug|x86.ActiveCfg = Debug|Any CPU
		{403946CF-EF0E-4303-B21E-9FC3694477B6}.Debug|x86.Build.0 = Debug|Any CPU
		{403946CF-EF0E-4303-B21E-9FC3694477B6}.Release|Any CPU.ActiveCfg = Release|Any CPU
		{403946CF-EF0E-4303-B21E-9FC3694477B6}.Release|Any CPU.Build.0 = Release|Any CPU
		{403946CF-EF0E-4303-B21E-9FC3694477B6}.Release|x64.ActiveCfg = Release|Any CPU
		{403946CF-EF0E-4303-B21E-9FC3694477B6}.Release|x64.Build.0 = Release|Any CPU
		{403946CF-EF0E-4303-B21E-9FC3694477B6}.Release|x86.ActiveCfg = Release|Any CPU
		{403946CF-EF0E-4303-B21E-9FC3694477B6}.Release|x86.Build.0 = Release|Any CPU
	EndGlobalSection
	GlobalSection(NestedProjects) = preSolution
		{E0EA6673-182C-4083-BD9B-6B96CCB99AC7} = {5408B4D0-666A-4500-8987-5C828F2DE81F}
		{479CCE25-689B-431C-802C-A8C74F522EE2} = {5408B4D0-666A-4500-8987-5C828F2DE81F}
		{5821E229-C2BF-44BC-AF07-C557A363B55B} = {5408B4D0-666A-4500-8987-5C828F2DE81F}
		{403946CF-EF0E-4303-B21E-9FC3694477B6} = {2957B656-8058-47D2-BAA5-9EC7F39EA42B}
	EndGlobalSection
EndGlobal
